// !$*UTF8*$!
{
	archiveVersion = 1;
	classes = {
	};
	objectVersion = 56;
	objects = {

/* Begin PBXBuildFile section */
		FD1C5BDB29BDD71400C42CD6 /* AppDelegate.swift in Sources */ = {isa = PBXBuildFile; fileRef = FD1C5BDA29BDD71400C42CD6 /* AppDelegate.swift */; };
		FD1C5BDD29BDD71400C42CD6 /* SceneDelegate.swift in Sources */ = {isa = PBXBuildFile; fileRef = FD1C5BDC29BDD71400C42CD6 /* SceneDelegate.swift */; };
		FD1C5BDF29BDD71400C42CD6 /* ViewController.swift in Sources */ = {isa = PBXBuildFile; fileRef = FD1C5BDE29BDD71400C42CD6 /* ViewController.swift */; };
		FD1C5BE529BDD71400C42CD6 /* SocialAppDemo.xcdatamodeld in Sources */ = {isa = PBXBuildFile; fileRef = FD1C5BE329BDD71400C42CD6 /* SocialAppDemo.xcdatamodeld */; };
		FD1C5BE729BDD71500C42CD6 /* Assets.xcassets in Resources */ = {isa = PBXBuildFile; fileRef = FD1C5BE629BDD71500C42CD6 /* Assets.xcassets */; };
		FD1C5BEA29BDD71500C42CD6 /* LaunchScreen.storyboard in Resources */ = {isa = PBXBuildFile; fileRef = FD1C5BE829BDD71500C42CD6 /* LaunchScreen.storyboard */; };
		FD1C5BF529BDD71500C42CD6 /* SocialAppDemoTests.swift in Sources */ = {isa = PBXBuildFile; fileRef = FD1C5BF429BDD71500C42CD6 /* SocialAppDemoTests.swift */; };
		FD1C5BFF29BDD71500C42CD6 /* SocialAppDemoUITests.swift in Sources */ = {isa = PBXBuildFile; fileRef = FD1C5BFE29BDD71500C42CD6 /* SocialAppDemoUITests.swift */; };
		FD1C5C0129BDD71500C42CD6 /* SocialAppDemoUITestsLaunchTests.swift in Sources */ = {isa = PBXBuildFile; fileRef = FD1C5C0029BDD71500C42CD6 /* SocialAppDemoUITestsLaunchTests.swift */; };
		FD5836AE29E20B92009A992B /* ProfileScreenViewController.swift in Sources */ = {isa = PBXBuildFile; fileRef = FD5836AD29E20B92009A992B /* ProfileScreenViewController.swift */; };
		FD5836B129E2E995009A992B /* SavedScreenViewController.swift in Sources */ = {isa = PBXBuildFile; fileRef = FD5836B029E2E995009A992B /* SavedScreenViewController.swift */; };
		FD5836B329E2E9A7009A992B /* SavedScreenView.swift in Sources */ = {isa = PBXBuildFile; fileRef = FD5836B229E2E9A7009A992B /* SavedScreenView.swift */; };
		FD5836B529E2E9C0009A992B /* SavedScreenALConstants.swift in Sources */ = {isa = PBXBuildFile; fileRef = FD5836B429E2E9C0009A992B /* SavedScreenALConstants.swift */; };
		FD5836BA29E478AE009A992B /* PostsTableView.swift in Sources */ = {isa = PBXBuildFile; fileRef = FD5836B929E478AE009A992B /* PostsTableView.swift */; };
		FD5836BC29E5ECC6009A992B /* DateSectionHeaderView.swift in Sources */ = {isa = PBXBuildFile; fileRef = FD5836BB29E5ECC6009A992B /* DateSectionHeaderView.swift */; };
		FD5836BF29F27571009A992B /* FirebaseStorage in Frameworks */ = {isa = PBXBuildFile; productRef = FD5836BE29F27571009A992B /* FirebaseStorage */; };
		FD5836C129F27677009A992B /* FirebaseFirestore in Frameworks */ = {isa = PBXBuildFile; productRef = FD5836C029F27677009A992B /* FirebaseFirestore */; };
		FD5836C429F47297009A992B /* Localizable.stringsdict in Resources */ = {isa = PBXBuildFile; fileRef = FD5836C629F47297009A992B /* Localizable.stringsdict */; };
		FD5836CD29F5A208009A992B /* MiniPhotosCollectionViewCell.swift in Sources */ = {isa = PBXBuildFile; fileRef = FD5836CC29F5A208009A992B /* MiniPhotosCollectionViewCell.swift */; };
		FD5836CF29F5BF0C009A992B /* ProfileScreenModel.swift in Sources */ = {isa = PBXBuildFile; fileRef = FD5836CE29F5BF0C009A992B /* ProfileScreenModel.swift */; };
		FD5836D229F5BFCB009A992B /* FirebaseStorageManager.swift in Sources */ = {isa = PBXBuildFile; fileRef = FD5836D129F5BFCB009A992B /* FirebaseStorageManager.swift */; };
		FD5836D529F87466009A992B /* PhoneNumberKit in Frameworks */ = {isa = PBXBuildFile; productRef = FD5836D429F87466009A992B /* PhoneNumberKit */; };
		FD5836D729FA6D3D009A992B /* FirestoreManager.swift in Sources */ = {isa = PBXBuildFile; fileRef = FD5836D629FA6D3D009A992B /* FirestoreManager.swift */; };
		FD5836D929FAFD2F009A992B /* MainScreenModel.swift in Sources */ = {isa = PBXBuildFile; fileRef = FD5836D829FAFD2F009A992B /* MainScreenModel.swift */; };
		FD5836DC29FBAF33009A992B /* DataModels.swift in Sources */ = {isa = PBXBuildFile; fileRef = FD5836DB29FBAF33009A992B /* DataModels.swift */; };
		FD5836DE29FE6121009A992B /* ScreenControllerFactory.swift in Sources */ = {isa = PBXBuildFile; fileRef = FD5836DD29FE6121009A992B /* ScreenControllerFactory.swift */; };
		FD5836E32A016EF0009A992B /* DateHelper.swift in Sources */ = {isa = PBXBuildFile; fileRef = FD5836E22A016EF0009A992B /* DateHelper.swift */; };
		FD5836E52A02D8C5009A992B /* PostScreenModel.swift in Sources */ = {isa = PBXBuildFile; fileRef = FD5836E42A02D8C5009A992B /* PostScreenModel.swift */; };
		FD5836E72A077F2B009A992B /* PostsTableViewALConstants.swift in Sources */ = {isa = PBXBuildFile; fileRef = FD5836E62A077F2B009A992B /* PostsTableViewALConstants.swift */; };
		FD5836E92A0D819C009A992B /* CoreDataHelper.swift in Sources */ = {isa = PBXBuildFile; fileRef = FD5836E82A0D819C009A992B /* CoreDataHelper.swift */; };
		FD5836ED2A156C7A009A992B /* CustomSaveButton.swift in Sources */ = {isa = PBXBuildFile; fileRef = FD5836EC2A156C7A009A992B /* CustomSaveButton.swift */; };
		FD5836F02A1A22BE009A992B /* PhotosScreenViewController.swift in Sources */ = {isa = PBXBuildFile; fileRef = FD5836EF2A1A22BE009A992B /* PhotosScreenViewController.swift */; };
		FD5836F22A1A22D6009A992B /* PhotosScreenView.swift in Sources */ = {isa = PBXBuildFile; fileRef = FD5836F12A1A22D6009A992B /* PhotosScreenView.swift */; };
		FD5836F42A1A22EC009A992B /* PhotosScreenModel.swift in Sources */ = {isa = PBXBuildFile; fileRef = FD5836F32A1A22EC009A992B /* PhotosScreenModel.swift */; };
		FD5836F62A1A22F9009A992B /* PhotosScreenALConstants.swift in Sources */ = {isa = PBXBuildFile; fileRef = FD5836F52A1A22F9009A992B /* PhotosScreenALConstants.swift */; };
		FD5836F82A1BD57C009A992B /* PhotosCollectionViewCell.swift in Sources */ = {isa = PBXBuildFile; fileRef = FD5836F72A1BD57C009A992B /* PhotosCollectionViewCell.swift */; };
		FD5836FA2A2A777E009A992B /* NSAttributedString+Extention.swift in Sources */ = {isa = PBXBuildFile; fileRef = FD5836F92A2A777E009A992B /* NSAttributedString+Extention.swift */; };
		FD5837002A2C6B1B009A992B /* StoryScreenViewController.swift in Sources */ = {isa = PBXBuildFile; fileRef = FD5836FF2A2C6B1B009A992B /* StoryScreenViewController.swift */; };
		FD5D281929BDD84800553FBD /* CoreDataManager.swift in Sources */ = {isa = PBXBuildFile; fileRef = FD5D281829BDD84800553FBD /* CoreDataManager.swift */; };
		FD5D282129C180AC00553FBD /* ProfileHeaderView.swift in Sources */ = {isa = PBXBuildFile; fileRef = FD5D282029C180AC00553FBD /* ProfileHeaderView.swift */; };
		FD5D282329C1831300553FBD /* ProfileScreenView.swift in Sources */ = {isa = PBXBuildFile; fileRef = FD5D282229C1831300553FBD /* ProfileScreenView.swift */; };
		FD5D282729C63FC400553FBD /* WelcomeScreenView.swift in Sources */ = {isa = PBXBuildFile; fileRef = FD5D282629C63FC400553FBD /* WelcomeScreenView.swift */; };
		FD5D282929C6420500553FBD /* UIView+Extention.swift in Sources */ = {isa = PBXBuildFile; fileRef = FD5D282829C6420500553FBD /* UIView+Extention.swift */; };
		FD5D282B29C6449200553FBD /* CustomUIButton.swift in Sources */ = {isa = PBXBuildFile; fileRef = FD5D282A29C6449200553FBD /* CustomUIButton.swift */; };
		FD5D283229C7112E00553FBD /* Localizable.strings in Resources */ = {isa = PBXBuildFile; fileRef = FD5D283429C7112E00553FBD /* Localizable.strings */; };
		FD5D283829C7793000553FBD /* SnapKit in Frameworks */ = {isa = PBXBuildFile; productRef = FD5D283729C7793000553FBD /* SnapKit */; };
		FD5D283A29C77E0000553FBD /* String+Extention.swift in Sources */ = {isa = PBXBuildFile; fileRef = FD5D283929C77E0000553FBD /* String+Extention.swift */; };
		FD5D283C29C7812D00553FBD /* Pallete.swift in Sources */ = {isa = PBXBuildFile; fileRef = FD5D283B29C7812D00553FBD /* Pallete.swift */; };
		FD5D283E29C7819500553FBD /* UIColor+Extention.swift in Sources */ = {isa = PBXBuildFile; fileRef = FD5D283D29C7819500553FBD /* UIColor+Extention.swift */; };
		FD5D284029C783D800553FBD /* WelcomeScreenViewController.swift in Sources */ = {isa = PBXBuildFile; fileRef = FD5D283F29C783D800553FBD /* WelcomeScreenViewController.swift */; };
		FD5D284629C786EC00553FBD /* Fonts.swift in Sources */ = {isa = PBXBuildFile; fileRef = FD5D284529C786EC00553FBD /* Fonts.swift */; };
		FD5D284929C8F54F00553FBD /* WelcomeScreenALConstants.swift in Sources */ = {isa = PBXBuildFile; fileRef = FD5D284829C8F54F00553FBD /* WelcomeScreenALConstants.swift */; };
		FD5D284B29CA158900553FBD /* MainTabBarController.swift in Sources */ = {isa = PBXBuildFile; fileRef = FD5D284A29CA158900553FBD /* MainTabBarController.swift */; };
		FD5D285329CED52200553FBD /* SignInScreenALConstants.swift in Sources */ = {isa = PBXBuildFile; fileRef = FD5D285229CED52200553FBD /* SignInScreenALConstants.swift */; };
		FD5D285529CED53B00553FBD /* SignInScreenViewController.swift in Sources */ = {isa = PBXBuildFile; fileRef = FD5D285429CED53B00553FBD /* SignInScreenViewController.swift */; };
		FD5D285729CED56600553FBD /* SignInScreenView.swift in Sources */ = {isa = PBXBuildFile; fileRef = FD5D285629CED56600553FBD /* SignInScreenView.swift */; };
		FD5D285A29CEE6FA00553FBD /* ConfirmSignInScreenViewController.swift in Sources */ = {isa = PBXBuildFile; fileRef = FD5D285929CEE6FA00553FBD /* ConfirmSignInScreenViewController.swift */; };
		FD5D285C29CEE70D00553FBD /* ConfirmSignInScreenView.swift in Sources */ = {isa = PBXBuildFile; fileRef = FD5D285B29CEE70D00553FBD /* ConfirmSignInScreenView.swift */; };
		FD5D285E29CEE72500553FBD /* ConfirmSignInScreenALConstants.swift in Sources */ = {isa = PBXBuildFile; fileRef = FD5D285D29CEE72500553FBD /* ConfirmSignInScreenALConstants.swift */; };
		FD5D287A29D0C5C000553FBD /* Inter-Regular.ttf in Resources */ = {isa = PBXBuildFile; fileRef = FD5D287129D0C5BF00553FBD /* Inter-Regular.ttf */; };
		FD5D287B29D0C5C000553FBD /* Inter-Thin.ttf in Resources */ = {isa = PBXBuildFile; fileRef = FD5D287229D0C5BF00553FBD /* Inter-Thin.ttf */; };
		FD5D287C29D0C5C000553FBD /* Inter-Black.ttf in Resources */ = {isa = PBXBuildFile; fileRef = FD5D287329D0C5BF00553FBD /* Inter-Black.ttf */; };
		FD5D287D29D0C5C000553FBD /* Inter-ExtraBold.ttf in Resources */ = {isa = PBXBuildFile; fileRef = FD5D287429D0C5BF00553FBD /* Inter-ExtraBold.ttf */; };
		FD5D287E29D0C5C000553FBD /* Inter-Medium.ttf in Resources */ = {isa = PBXBuildFile; fileRef = FD5D287529D0C5BF00553FBD /* Inter-Medium.ttf */; };
		FD5D287F29D0C5C000553FBD /* Inter-ExtraLight.ttf in Resources */ = {isa = PBXBuildFile; fileRef = FD5D287629D0C5BF00553FBD /* Inter-ExtraLight.ttf */; };
		FD5D288029D0C5C000553FBD /* Inter-SemiBold.ttf in Resources */ = {isa = PBXBuildFile; fileRef = FD5D287729D0C5C000553FBD /* Inter-SemiBold.ttf */; };
		FD5D288129D0C5C000553FBD /* Inter-Bold.ttf in Resources */ = {isa = PBXBuildFile; fileRef = FD5D287829D0C5C000553FBD /* Inter-Bold.ttf */; };
		FD5D288229D0C5C000553FBD /* Inter-Light.ttf in Resources */ = {isa = PBXBuildFile; fileRef = FD5D287929D0C5C000553FBD /* Inter-Light.ttf */; };
		FD5D288829D8B8BB00553FBD /* FirebaseAuth in Frameworks */ = {isa = PBXBuildFile; productRef = FD5D288729D8B8BB00553FBD /* FirebaseAuth */; };
		FD5D288A29D8B9A600553FBD /* GoogleService-Info.plist in Resources */ = {isa = PBXBuildFile; fileRef = FD5D288929D8B9A600553FBD /* GoogleService-Info.plist */; };
		FD5D288C29D8BA9400553FBD /* AuthManager.swift in Sources */ = {isa = PBXBuildFile; fileRef = FD5D288B29D8BA9400553FBD /* AuthManager.swift */; };
		FD5D288D29D9620C00553FBD /* PostScreenView.swift in Sources */ = {isa = PBXBuildFile; fileRef = FD5D288429D3485500553FBD /* PostScreenView.swift */; };
		FD5D288F29D9638500553FBD /* PostScreenALConstants.swift in Sources */ = {isa = PBXBuildFile; fileRef = FD5D288E29D9638500553FBD /* PostScreenALConstants.swift */; };
		FD5D289129D976C200553FBD /* PostScreenViewController.swift in Sources */ = {isa = PBXBuildFile; fileRef = FD5D289029D976C200553FBD /* PostScreenViewController.swift */; };
		FD5D289329D9FC9200553FBD /* MainScreenViewController.swift in Sources */ = {isa = PBXBuildFile; fileRef = FD5D289229D9FC9200553FBD /* MainScreenViewController.swift */; };
		FD5D289529D9FCA300553FBD /* MainScreenView.swift in Sources */ = {isa = PBXBuildFile; fileRef = FD5D289429D9FCA300553FBD /* MainScreenView.swift */; };
		FD5D289729D9FCB800553FBD /* MainScreenALConstants.swift in Sources */ = {isa = PBXBuildFile; fileRef = FD5D289629D9FCB800553FBD /* MainScreenALConstants.swift */; };
		FD5D289929DB531000553FBD /* UserCollectionViewCell.swift in Sources */ = {isa = PBXBuildFile; fileRef = FD5D289829DB531000553FBD /* UserCollectionViewCell.swift */; };
		FD5D289B29DCC05F00553FBD /* PostTableViewCell.swift in Sources */ = {isa = PBXBuildFile; fileRef = FD5D289A29DCC05F00553FBD /* PostTableViewCell.swift */; };
/* End PBXBuildFile section */

/* Begin PBXContainerItemProxy section */
		FD1C5BF129BDD71500C42CD6 /* PBXContainerItemProxy */ = {
			isa = PBXContainerItemProxy;
			containerPortal = FD1C5BCF29BDD71400C42CD6 /* Project object */;
			proxyType = 1;
			remoteGlobalIDString = FD1C5BD629BDD71400C42CD6;
			remoteInfo = SocialAppDemo;
		};
		FD1C5BFB29BDD71500C42CD6 /* PBXContainerItemProxy */ = {
			isa = PBXContainerItemProxy;
			containerPortal = FD1C5BCF29BDD71400C42CD6 /* Project object */;
			proxyType = 1;
			remoteGlobalIDString = FD1C5BD629BDD71400C42CD6;
			remoteInfo = SocialAppDemo;
		};
/* End PBXContainerItemProxy section */

/* Begin PBXFileReference section */
		FD1C5BD729BDD71400C42CD6 /* SocialAppDemo.app */ = {isa = PBXFileReference; explicitFileType = wrapper.application; includeInIndex = 0; path = SocialAppDemo.app; sourceTree = BUILT_PRODUCTS_DIR; };
		FD1C5BDA29BDD71400C42CD6 /* AppDelegate.swift */ = {isa = PBXFileReference; lastKnownFileType = sourcecode.swift; path = AppDelegate.swift; sourceTree = "<group>"; };
		FD1C5BDC29BDD71400C42CD6 /* SceneDelegate.swift */ = {isa = PBXFileReference; lastKnownFileType = sourcecode.swift; path = SceneDelegate.swift; sourceTree = "<group>"; };
		FD1C5BDE29BDD71400C42CD6 /* ViewController.swift */ = {isa = PBXFileReference; lastKnownFileType = sourcecode.swift; path = ViewController.swift; sourceTree = "<group>"; };
		FD1C5BE429BDD71400C42CD6 /* SocialAppDemo.xcdatamodel */ = {isa = PBXFileReference; lastKnownFileType = wrapper.xcdatamodel; path = SocialAppDemo.xcdatamodel; sourceTree = "<group>"; };
		FD1C5BE629BDD71500C42CD6 /* Assets.xcassets */ = {isa = PBXFileReference; lastKnownFileType = folder.assetcatalog; path = Assets.xcassets; sourceTree = "<group>"; };
		FD1C5BE929BDD71500C42CD6 /* Base */ = {isa = PBXFileReference; lastKnownFileType = file.storyboard; name = Base; path = Base.lproj/LaunchScreen.storyboard; sourceTree = "<group>"; };
		FD1C5BEB29BDD71500C42CD6 /* Info.plist */ = {isa = PBXFileReference; lastKnownFileType = text.plist.xml; path = Info.plist; sourceTree = "<group>"; };
		FD1C5BF029BDD71500C42CD6 /* SocialAppDemoTests.xctest */ = {isa = PBXFileReference; explicitFileType = wrapper.cfbundle; includeInIndex = 0; path = SocialAppDemoTests.xctest; sourceTree = BUILT_PRODUCTS_DIR; };
		FD1C5BF429BDD71500C42CD6 /* SocialAppDemoTests.swift */ = {isa = PBXFileReference; lastKnownFileType = sourcecode.swift; path = SocialAppDemoTests.swift; sourceTree = "<group>"; };
		FD1C5BFA29BDD71500C42CD6 /* SocialAppDemoUITests.xctest */ = {isa = PBXFileReference; explicitFileType = wrapper.cfbundle; includeInIndex = 0; path = SocialAppDemoUITests.xctest; sourceTree = BUILT_PRODUCTS_DIR; };
		FD1C5BFE29BDD71500C42CD6 /* SocialAppDemoUITests.swift */ = {isa = PBXFileReference; lastKnownFileType = sourcecode.swift; path = SocialAppDemoUITests.swift; sourceTree = "<group>"; };
		FD1C5C0029BDD71500C42CD6 /* SocialAppDemoUITestsLaunchTests.swift */ = {isa = PBXFileReference; lastKnownFileType = sourcecode.swift; path = SocialAppDemoUITestsLaunchTests.swift; sourceTree = "<group>"; };
		FD5836AD29E20B92009A992B /* ProfileScreenViewController.swift */ = {isa = PBXFileReference; lastKnownFileType = sourcecode.swift; path = ProfileScreenViewController.swift; sourceTree = "<group>"; };
		FD5836B029E2E995009A992B /* SavedScreenViewController.swift */ = {isa = PBXFileReference; lastKnownFileType = sourcecode.swift; path = SavedScreenViewController.swift; sourceTree = "<group>"; };
		FD5836B229E2E9A7009A992B /* SavedScreenView.swift */ = {isa = PBXFileReference; lastKnownFileType = sourcecode.swift; path = SavedScreenView.swift; sourceTree = "<group>"; };
		FD5836B429E2E9C0009A992B /* SavedScreenALConstants.swift */ = {isa = PBXFileReference; lastKnownFileType = sourcecode.swift; path = SavedScreenALConstants.swift; sourceTree = "<group>"; };
		FD5836B929E478AE009A992B /* PostsTableView.swift */ = {isa = PBXFileReference; lastKnownFileType = sourcecode.swift; path = PostsTableView.swift; sourceTree = "<group>"; };
		FD5836BB29E5ECC6009A992B /* DateSectionHeaderView.swift */ = {isa = PBXFileReference; lastKnownFileType = sourcecode.swift; path = DateSectionHeaderView.swift; sourceTree = "<group>"; };
		FD5836C529F47297009A992B /* en */ = {isa = PBXFileReference; lastKnownFileType = text.plist.stringsdict; name = en; path = en.lproj/Localizable.stringsdict; sourceTree = "<group>"; };
		FD5836C729F4729F009A992B /* ru */ = {isa = PBXFileReference; lastKnownFileType = text.plist.stringsdict; name = ru; path = ru.lproj/Localizable.stringsdict; sourceTree = "<group>"; };
		FD5836CC29F5A208009A992B /* MiniPhotosCollectionViewCell.swift */ = {isa = PBXFileReference; fileEncoding = 4; lastKnownFileType = sourcecode.swift; path = MiniPhotosCollectionViewCell.swift; sourceTree = "<group>"; };
		FD5836CE29F5BF0C009A992B /* ProfileScreenModel.swift */ = {isa = PBXFileReference; lastKnownFileType = sourcecode.swift; path = ProfileScreenModel.swift; sourceTree = "<group>"; };
		FD5836D129F5BFCB009A992B /* FirebaseStorageManager.swift */ = {isa = PBXFileReference; lastKnownFileType = sourcecode.swift; path = FirebaseStorageManager.swift; sourceTree = "<group>"; };
		FD5836D629FA6D3D009A992B /* FirestoreManager.swift */ = {isa = PBXFileReference; lastKnownFileType = sourcecode.swift; path = FirestoreManager.swift; sourceTree = "<group>"; };
		FD5836D829FAFD2F009A992B /* MainScreenModel.swift */ = {isa = PBXFileReference; lastKnownFileType = sourcecode.swift; path = MainScreenModel.swift; sourceTree = "<group>"; };
		FD5836DB29FBAF33009A992B /* DataModels.swift */ = {isa = PBXFileReference; lastKnownFileType = sourcecode.swift; path = DataModels.swift; sourceTree = "<group>"; };
		FD5836DD29FE6121009A992B /* ScreenControllerFactory.swift */ = {isa = PBXFileReference; lastKnownFileType = sourcecode.swift; path = ScreenControllerFactory.swift; sourceTree = "<group>"; };
		FD5836E22A016EF0009A992B /* DateHelper.swift */ = {isa = PBXFileReference; lastKnownFileType = sourcecode.swift; path = DateHelper.swift; sourceTree = "<group>"; };
		FD5836E42A02D8C5009A992B /* PostScreenModel.swift */ = {isa = PBXFileReference; lastKnownFileType = sourcecode.swift; path = PostScreenModel.swift; sourceTree = "<group>"; };
		FD5836E62A077F2B009A992B /* PostsTableViewALConstants.swift */ = {isa = PBXFileReference; lastKnownFileType = sourcecode.swift; path = PostsTableViewALConstants.swift; sourceTree = "<group>"; };
		FD5836E82A0D819C009A992B /* CoreDataHelper.swift */ = {isa = PBXFileReference; lastKnownFileType = sourcecode.swift; path = CoreDataHelper.swift; sourceTree = "<group>"; };
		FD5836EC2A156C7A009A992B /* CustomSaveButton.swift */ = {isa = PBXFileReference; lastKnownFileType = sourcecode.swift; path = CustomSaveButton.swift; sourceTree = "<group>"; };
		FD5836EF2A1A22BE009A992B /* PhotosScreenViewController.swift */ = {isa = PBXFileReference; lastKnownFileType = sourcecode.swift; path = PhotosScreenViewController.swift; sourceTree = "<group>"; };
		FD5836F12A1A22D6009A992B /* PhotosScreenView.swift */ = {isa = PBXFileReference; lastKnownFileType = sourcecode.swift; path = PhotosScreenView.swift; sourceTree = "<group>"; };
		FD5836F32A1A22EC009A992B /* PhotosScreenModel.swift */ = {isa = PBXFileReference; lastKnownFileType = sourcecode.swift; path = PhotosScreenModel.swift; sourceTree = "<group>"; };
		FD5836F52A1A22F9009A992B /* PhotosScreenALConstants.swift */ = {isa = PBXFileReference; lastKnownFileType = sourcecode.swift; path = PhotosScreenALConstants.swift; sourceTree = "<group>"; };
		FD5836F72A1BD57C009A992B /* PhotosCollectionViewCell.swift */ = {isa = PBXFileReference; lastKnownFileType = sourcecode.swift; path = PhotosCollectionViewCell.swift; sourceTree = "<group>"; };
		FD5836F92A2A777E009A992B /* NSAttributedString+Extention.swift */ = {isa = PBXFileReference; lastKnownFileType = sourcecode.swift; name = "NSAttributedString+Extention.swift"; path = "../../../../../Documents/NSAttributedString+Extention.swift"; sourceTree = "<group>"; };
		FD5836FF2A2C6B1B009A992B /* StoryScreenViewController.swift */ = {isa = PBXFileReference; lastKnownFileType = sourcecode.swift; path = StoryScreenViewController.swift; sourceTree = "<group>"; };
		FD5D281829BDD84800553FBD /* CoreDataManager.swift */ = {isa = PBXFileReference; lastKnownFileType = sourcecode.swift; path = CoreDataManager.swift; sourceTree = "<group>"; };
		FD5D282029C180AC00553FBD /* ProfileHeaderView.swift */ = {isa = PBXFileReference; fileEncoding = 4; lastKnownFileType = sourcecode.swift; path = ProfileHeaderView.swift; sourceTree = "<group>"; };
		FD5D282229C1831300553FBD /* ProfileScreenView.swift */ = {isa = PBXFileReference; lastKnownFileType = sourcecode.swift; path = ProfileScreenView.swift; sourceTree = "<group>"; };
		FD5D282629C63FC400553FBD /* WelcomeScreenView.swift */ = {isa = PBXFileReference; lastKnownFileType = sourcecode.swift; path = WelcomeScreenView.swift; sourceTree = "<group>"; };
		FD5D282829C6420500553FBD /* UIView+Extention.swift */ = {isa = PBXFileReference; fileEncoding = 4; lastKnownFileType = sourcecode.swift; path = "UIView+Extention.swift"; sourceTree = "<group>"; };
		FD5D282A29C6449200553FBD /* CustomUIButton.swift */ = {isa = PBXFileReference; fileEncoding = 4; lastKnownFileType = sourcecode.swift; path = CustomUIButton.swift; sourceTree = "<group>"; };
		FD5D283329C7112E00553FBD /* en */ = {isa = PBXFileReference; lastKnownFileType = text.plist.strings; name = en; path = en.lproj/Localizable.strings; sourceTree = "<group>"; };
		FD5D283529C7114200553FBD /* ru */ = {isa = PBXFileReference; lastKnownFileType = text.plist.strings; name = ru; path = ru.lproj/Localizable.strings; sourceTree = "<group>"; };
		FD5D283929C77E0000553FBD /* String+Extention.swift */ = {isa = PBXFileReference; fileEncoding = 4; lastKnownFileType = sourcecode.swift; path = "String+Extention.swift"; sourceTree = "<group>"; };
		FD5D283B29C7812D00553FBD /* Pallete.swift */ = {isa = PBXFileReference; lastKnownFileType = sourcecode.swift; path = Pallete.swift; sourceTree = "<group>"; };
		FD5D283D29C7819500553FBD /* UIColor+Extention.swift */ = {isa = PBXFileReference; fileEncoding = 4; lastKnownFileType = sourcecode.swift; path = "UIColor+Extention.swift"; sourceTree = "<group>"; };
		FD5D283F29C783D800553FBD /* WelcomeScreenViewController.swift */ = {isa = PBXFileReference; lastKnownFileType = sourcecode.swift; path = WelcomeScreenViewController.swift; sourceTree = "<group>"; };
		FD5D284529C786EC00553FBD /* Fonts.swift */ = {isa = PBXFileReference; lastKnownFileType = sourcecode.swift; path = Fonts.swift; sourceTree = "<group>"; };
		FD5D284829C8F54F00553FBD /* WelcomeScreenALConstants.swift */ = {isa = PBXFileReference; lastKnownFileType = sourcecode.swift; path = WelcomeScreenALConstants.swift; sourceTree = "<group>"; };
		FD5D284A29CA158900553FBD /* MainTabBarController.swift */ = {isa = PBXFileReference; lastKnownFileType = sourcecode.swift; path = MainTabBarController.swift; sourceTree = "<group>"; };
		FD5D285229CED52200553FBD /* SignInScreenALConstants.swift */ = {isa = PBXFileReference; lastKnownFileType = sourcecode.swift; path = SignInScreenALConstants.swift; sourceTree = "<group>"; };
		FD5D285429CED53B00553FBD /* SignInScreenViewController.swift */ = {isa = PBXFileReference; lastKnownFileType = sourcecode.swift; path = SignInScreenViewController.swift; sourceTree = "<group>"; };
		FD5D285629CED56600553FBD /* SignInScreenView.swift */ = {isa = PBXFileReference; lastKnownFileType = sourcecode.swift; path = SignInScreenView.swift; sourceTree = "<group>"; };
		FD5D285929CEE6FA00553FBD /* ConfirmSignInScreenViewController.swift */ = {isa = PBXFileReference; lastKnownFileType = sourcecode.swift; path = ConfirmSignInScreenViewController.swift; sourceTree = "<group>"; };
		FD5D285B29CEE70D00553FBD /* ConfirmSignInScreenView.swift */ = {isa = PBXFileReference; lastKnownFileType = sourcecode.swift; path = ConfirmSignInScreenView.swift; sourceTree = "<group>"; };
		FD5D285D29CEE72500553FBD /* ConfirmSignInScreenALConstants.swift */ = {isa = PBXFileReference; lastKnownFileType = sourcecode.swift; path = ConfirmSignInScreenALConstants.swift; sourceTree = "<group>"; };
		FD5D287129D0C5BF00553FBD /* Inter-Regular.ttf */ = {isa = PBXFileReference; lastKnownFileType = file; path = "Inter-Regular.ttf"; sourceTree = "<group>"; };
		FD5D287229D0C5BF00553FBD /* Inter-Thin.ttf */ = {isa = PBXFileReference; lastKnownFileType = file; path = "Inter-Thin.ttf"; sourceTree = "<group>"; };
		FD5D287329D0C5BF00553FBD /* Inter-Black.ttf */ = {isa = PBXFileReference; lastKnownFileType = file; path = "Inter-Black.ttf"; sourceTree = "<group>"; };
		FD5D287429D0C5BF00553FBD /* Inter-ExtraBold.ttf */ = {isa = PBXFileReference; lastKnownFileType = file; path = "Inter-ExtraBold.ttf"; sourceTree = "<group>"; };
		FD5D287529D0C5BF00553FBD /* Inter-Medium.ttf */ = {isa = PBXFileReference; lastKnownFileType = file; path = "Inter-Medium.ttf"; sourceTree = "<group>"; };
		FD5D287629D0C5BF00553FBD /* Inter-ExtraLight.ttf */ = {isa = PBXFileReference; lastKnownFileType = file; path = "Inter-ExtraLight.ttf"; sourceTree = "<group>"; };
		FD5D287729D0C5C000553FBD /* Inter-SemiBold.ttf */ = {isa = PBXFileReference; lastKnownFileType = file; path = "Inter-SemiBold.ttf"; sourceTree = "<group>"; };
		FD5D287829D0C5C000553FBD /* Inter-Bold.ttf */ = {isa = PBXFileReference; lastKnownFileType = file; path = "Inter-Bold.ttf"; sourceTree = "<group>"; };
		FD5D287929D0C5C000553FBD /* Inter-Light.ttf */ = {isa = PBXFileReference; lastKnownFileType = file; path = "Inter-Light.ttf"; sourceTree = "<group>"; };
		FD5D288429D3485500553FBD /* PostScreenView.swift */ = {isa = PBXFileReference; lastKnownFileType = sourcecode.swift; path = PostScreenView.swift; sourceTree = "<group>"; };
		FD5D288929D8B9A600553FBD /* GoogleService-Info.plist */ = {isa = PBXFileReference; fileEncoding = 4; lastKnownFileType = text.plist.xml; path = "GoogleService-Info.plist"; sourceTree = "<group>"; };
		FD5D288B29D8BA9400553FBD /* AuthManager.swift */ = {isa = PBXFileReference; lastKnownFileType = sourcecode.swift; path = AuthManager.swift; sourceTree = "<group>"; };
		FD5D288E29D9638500553FBD /* PostScreenALConstants.swift */ = {isa = PBXFileReference; lastKnownFileType = sourcecode.swift; path = PostScreenALConstants.swift; sourceTree = "<group>"; };
		FD5D289029D976C200553FBD /* PostScreenViewController.swift */ = {isa = PBXFileReference; lastKnownFileType = sourcecode.swift; path = PostScreenViewController.swift; sourceTree = "<group>"; };
		FD5D289229D9FC9200553FBD /* MainScreenViewController.swift */ = {isa = PBXFileReference; lastKnownFileType = sourcecode.swift; path = MainScreenViewController.swift; sourceTree = "<group>"; };
		FD5D289429D9FCA300553FBD /* MainScreenView.swift */ = {isa = PBXFileReference; lastKnownFileType = sourcecode.swift; path = MainScreenView.swift; sourceTree = "<group>"; };
		FD5D289629D9FCB800553FBD /* MainScreenALConstants.swift */ = {isa = PBXFileReference; lastKnownFileType = sourcecode.swift; path = MainScreenALConstants.swift; sourceTree = "<group>"; };
		FD5D289829DB531000553FBD /* UserCollectionViewCell.swift */ = {isa = PBXFileReference; lastKnownFileType = sourcecode.swift; path = UserCollectionViewCell.swift; sourceTree = "<group>"; };
		FD5D289A29DCC05F00553FBD /* PostTableViewCell.swift */ = {isa = PBXFileReference; lastKnownFileType = sourcecode.swift; path = PostTableViewCell.swift; sourceTree = "<group>"; };
/* End PBXFileReference section */

/* Begin PBXFrameworksBuildPhase section */
		FD1C5BD429BDD71400C42CD6 /* Frameworks */ = {
			isa = PBXFrameworksBuildPhase;
			buildActionMask = 2147483647;
			files = (
				FD5D283829C7793000553FBD /* SnapKit in Frameworks */,
				FD5836D529F87466009A992B /* PhoneNumberKit in Frameworks */,
				FD5836C129F27677009A992B /* FirebaseFirestore in Frameworks */,
				FD5D288829D8B8BB00553FBD /* FirebaseAuth in Frameworks */,
				FD5836BF29F27571009A992B /* FirebaseStorage in Frameworks */,
			);
			runOnlyForDeploymentPostprocessing = 0;
		};
		FD1C5BED29BDD71500C42CD6 /* Frameworks */ = {
			isa = PBXFrameworksBuildPhase;
			buildActionMask = 2147483647;
			files = (
			);
			runOnlyForDeploymentPostprocessing = 0;
		};
		FD1C5BF729BDD71500C42CD6 /* Frameworks */ = {
			isa = PBXFrameworksBuildPhase;
			buildActionMask = 2147483647;
			files = (
			);
			runOnlyForDeploymentPostprocessing = 0;
		};
/* End PBXFrameworksBuildPhase section */

/* Begin PBXGroup section */
		FD1C5BCE29BDD71400C42CD6 = {
			isa = PBXGroup;
			children = (
				FD1C5BD929BDD71400C42CD6 /* SocialAppDemo */,
				FD1C5BF329BDD71500C42CD6 /* SocialAppDemoTests */,
				FD1C5BFD29BDD71500C42CD6 /* SocialAppDemoUITests */,
				FD1C5BD829BDD71400C42CD6 /* Products */,
				FD5836BD29F27571009A992B /* Frameworks */,
			);
			sourceTree = "<group>";
		};
		FD1C5BD829BDD71400C42CD6 /* Products */ = {
			isa = PBXGroup;
			children = (
				FD1C5BD729BDD71400C42CD6 /* SocialAppDemo.app */,
				FD1C5BF029BDD71500C42CD6 /* SocialAppDemoTests.xctest */,
				FD1C5BFA29BDD71500C42CD6 /* SocialAppDemoUITests.xctest */,
			);
			name = Products;
			sourceTree = "<group>";
		};
		FD1C5BD929BDD71400C42CD6 /* SocialAppDemo */ = {
			isa = PBXGroup;
			children = (
				FD5836DD29FE6121009A992B /* ScreenControllerFactory.swift */,
				FD1C5BDA29BDD71400C42CD6 /* AppDelegate.swift */,
				FD1C5BDC29BDD71400C42CD6 /* SceneDelegate.swift */,
				FD5D284A29CA158900553FBD /* MainTabBarController.swift */,
				FD1C5BDE29BDD71400C42CD6 /* ViewController.swift */,
				FD1C5BE629BDD71500C42CD6 /* Assets.xcassets */,
				FD1C5BE829BDD71500C42CD6 /* LaunchScreen.storyboard */,
				FD1C5BEB29BDD71500C42CD6 /* Info.plist */,
				FD5D288929D8B9A600553FBD /* GoogleService-Info.plist */,
				FD5836C629F47297009A992B /* Localizable.stringsdict */,
				FD5D283429C7112E00553FBD /* Localizable.strings */,
				FD5D282829C6420500553FBD /* UIView+Extention.swift */,
				FD5D283929C77E0000553FBD /* String+Extention.swift */,
				FD5D283D29C7819500553FBD /* UIColor+Extention.swift */,
				FD5D282A29C6449200553FBD /* CustomUIButton.swift */,
				FD5836FB2A2C6614009A992B /* PresentationLayer */,
				FD5836FC2A2C662C009A992B /* ServiceLayer */,
				FD5836FD2A2C663E009A992B /* CoreLayer */,
				FD5D281A29BDD8E900553FBD /* CoreData */,
				FD5836DA29FBAF19009A992B /* DataModels */,
				FD5836D029F5BF86009A992B /* Firebase */,
				FD5836AF29E2C12C009A992B /* Network */,
				FD5D284729C786F400553FBD /* Helpers */,
				FD5D288329D0C5C400553FBD /* Fonts */,
				FD5836EC2A156C7A009A992B /* CustomSaveButton.swift */,
				FD5836F92A2A777E009A992B /* NSAttributedString+Extention.swift */,
			);
			path = SocialAppDemo;
			sourceTree = "<group>";
		};
		FD1C5BF329BDD71500C42CD6 /* SocialAppDemoTests */ = {
			isa = PBXGroup;
			children = (
				FD1C5BF429BDD71500C42CD6 /* SocialAppDemoTests.swift */,
			);
			path = SocialAppDemoTests;
			sourceTree = "<group>";
		};
		FD1C5BFD29BDD71500C42CD6 /* SocialAppDemoUITests */ = {
			isa = PBXGroup;
			children = (
				FD1C5BFE29BDD71500C42CD6 /* SocialAppDemoUITests.swift */,
				FD1C5C0029BDD71500C42CD6 /* SocialAppDemoUITestsLaunchTests.swift */,
			);
			path = SocialAppDemoUITests;
			sourceTree = "<group>";
		};
		FD5836AF29E2C12C009A992B /* Network */ = {
			isa = PBXGroup;
			children = (
				FD5D288B29D8BA9400553FBD /* AuthManager.swift */,
			);
			path = Network;
			sourceTree = "<group>";
		};
		FD5836B629E331F9009A992B /* PostsTableView */ = {
			isa = PBXGroup;
			children = (
				FD5836B929E478AE009A992B /* PostsTableView.swift */,
				FD5D289A29DCC05F00553FBD /* PostTableViewCell.swift */,
				FD5836BB29E5ECC6009A992B /* DateSectionHeaderView.swift */,
				FD5836E62A077F2B009A992B /* PostsTableViewALConstants.swift */,
			);
			path = PostsTableView;
			sourceTree = "<group>";
		};
		FD5836BD29F27571009A992B /* Frameworks */ = {
			isa = PBXGroup;
			children = (
			);
			name = Frameworks;
			sourceTree = "<group>";
		};
		FD5836D029F5BF86009A992B /* Firebase */ = {
			isa = PBXGroup;
			children = (
				FD5836D129F5BFCB009A992B /* FirebaseStorageManager.swift */,
				FD5836D629FA6D3D009A992B /* FirestoreManager.swift */,
			);
			path = Firebase;
			sourceTree = "<group>";
		};
		FD5836DA29FBAF19009A992B /* DataModels */ = {
			isa = PBXGroup;
			children = (
				FD5836DB29FBAF33009A992B /* DataModels.swift */,
			);
			path = DataModels;
			sourceTree = "<group>";
		};
		FD5836EE2A1A2284009A992B /* PhotosScreen */ = {
			isa = PBXGroup;
			children = (
				FD5836F32A1A22EC009A992B /* PhotosScreenModel.swift */,
				FD5836EF2A1A22BE009A992B /* PhotosScreenViewController.swift */,
				FD5836F12A1A22D6009A992B /* PhotosScreenView.swift */,
				FD5836F72A1BD57C009A992B /* PhotosCollectionViewCell.swift */,
				FD5836F52A1A22F9009A992B /* PhotosScreenALConstants.swift */,
			);
			path = PhotosScreen;
			sourceTree = "<group>";
		};
		FD5836FB2A2C6614009A992B /* PresentationLayer */ = {
			isa = PBXGroup;
			children = (
				FD5837012A2CA47C009A992B /* AppAuth */,
				FD5D281B29BE26E800553FBD /* MainScreen */,
				FD5D281C29BE270400553FBD /* ProfileScreen */,
				FD5D281D29BE271400553FBD /* SavedScreen */,
				FD5836FE2A2C6AF4009A992B /* StoryScreen */,
				FD5D281F29BE27C100553FBD /* PostScreen */,
				FD5836EE2A1A2284009A992B /* PhotosScreen */,
				FD5836B629E331F9009A992B /* PostsTableView */,
			);
			path = PresentationLayer;
			sourceTree = "<group>";
		};
		FD5836FC2A2C662C009A992B /* ServiceLayer */ = {
			isa = PBXGroup;
			children = (
			);
			path = ServiceLayer;
			sourceTree = "<group>";
		};
		FD5836FD2A2C663E009A992B /* CoreLayer */ = {
			isa = PBXGroup;
			children = (
			);
			path = CoreLayer;
			sourceTree = "<group>";
		};
		FD5836FE2A2C6AF4009A992B /* StoryScreen */ = {
			isa = PBXGroup;
			children = (
				FD5836FF2A2C6B1B009A992B /* StoryScreenViewController.swift */,
			);
			path = StoryScreen;
			sourceTree = "<group>";
		};
		FD5837012A2CA47C009A992B /* AppAuth */ = {
			isa = PBXGroup;
			children = (
				FD5D282429C188F000553FBD /* WelcomeScreen */,
				FD5D282529C1892700553FBD /* SignInScreen */,
				FD5D285829CEE6CB00553FBD /* ConfirmSignInScreen */,
			);
			path = AppAuth;
			sourceTree = "<group>";
		};
		FD5D281A29BDD8E900553FBD /* CoreData */ = {
			isa = PBXGroup;
			children = (
				FD1C5BE329BDD71400C42CD6 /* SocialAppDemo.xcdatamodeld */,
				FD5D281829BDD84800553FBD /* CoreDataManager.swift */,
				FD5836E82A0D819C009A992B /* CoreDataHelper.swift */,
			);
			path = CoreData;
			sourceTree = "<group>";
		};
		FD5D281B29BE26E800553FBD /* MainScreen */ = {
			isa = PBXGroup;
			children = (
				FD5836D829FAFD2F009A992B /* MainScreenModel.swift */,
				FD5D289229D9FC9200553FBD /* MainScreenViewController.swift */,
				FD5D289429D9FCA300553FBD /* MainScreenView.swift */,
				FD5D289829DB531000553FBD /* UserCollectionViewCell.swift */,
				FD5D289629D9FCB800553FBD /* MainScreenALConstants.swift */,
			);
			path = MainScreen;
			sourceTree = "<group>";
		};
		FD5D281C29BE270400553FBD /* ProfileScreen */ = {
			isa = PBXGroup;
			children = (
				FD5836CE29F5BF0C009A992B /* ProfileScreenModel.swift */,
				FD5836AD29E20B92009A992B /* ProfileScreenViewController.swift */,
				FD5D282229C1831300553FBD /* ProfileScreenView.swift */,
				FD5D282029C180AC00553FBD /* ProfileHeaderView.swift */,
				FD5836CC29F5A208009A992B /* MiniPhotosCollectionViewCell.swift */,
			);
			path = ProfileScreen;
			sourceTree = "<group>";
		};
		FD5D281D29BE271400553FBD /* SavedScreen */ = {
			isa = PBXGroup;
			children = (
				FD5836B029E2E995009A992B /* SavedScreenViewController.swift */,
				FD5836B229E2E9A7009A992B /* SavedScreenView.swift */,
				FD5836B429E2E9C0009A992B /* SavedScreenALConstants.swift */,
			);
			path = SavedScreen;
			sourceTree = "<group>";
		};
		FD5D281F29BE27C100553FBD /* PostScreen */ = {
			isa = PBXGroup;
			children = (
				FD5836E42A02D8C5009A992B /* PostScreenModel.swift */,
				FD5D289029D976C200553FBD /* PostScreenViewController.swift */,
				FD5D288429D3485500553FBD /* PostScreenView.swift */,
				FD5D288E29D9638500553FBD /* PostScreenALConstants.swift */,
			);
			path = PostScreen;
			sourceTree = "<group>";
		};
		FD5D282429C188F000553FBD /* WelcomeScreen */ = {
			isa = PBXGroup;
			children = (
				FD5D283F29C783D800553FBD /* WelcomeScreenViewController.swift */,
				FD5D282629C63FC400553FBD /* WelcomeScreenView.swift */,
				FD5D284829C8F54F00553FBD /* WelcomeScreenALConstants.swift */,
			);
			path = WelcomeScreen;
			sourceTree = "<group>";
		};
		FD5D282529C1892700553FBD /* SignInScreen */ = {
			isa = PBXGroup;
			children = (
				FD5D285429CED53B00553FBD /* SignInScreenViewController.swift */,
				FD5D285629CED56600553FBD /* SignInScreenView.swift */,
				FD5D285229CED52200553FBD /* SignInScreenALConstants.swift */,
			);
			path = SignInScreen;
			sourceTree = "<group>";
		};
		FD5D284729C786F400553FBD /* Helpers */ = {
			isa = PBXGroup;
			children = (
				FD5D284529C786EC00553FBD /* Fonts.swift */,
				FD5D283B29C7812D00553FBD /* Pallete.swift */,
				FD5836E22A016EF0009A992B /* DateHelper.swift */,
			);
			path = Helpers;
			sourceTree = "<group>";
		};
		FD5D285829CEE6CB00553FBD /* ConfirmSignInScreen */ = {
			isa = PBXGroup;
			children = (
				FD5D285929CEE6FA00553FBD /* ConfirmSignInScreenViewController.swift */,
				FD5D285B29CEE70D00553FBD /* ConfirmSignInScreenView.swift */,
				FD5D285D29CEE72500553FBD /* ConfirmSignInScreenALConstants.swift */,
			);
			path = ConfirmSignInScreen;
			sourceTree = "<group>";
		};
		FD5D288329D0C5C400553FBD /* Fonts */ = {
			isa = PBXGroup;
			children = (
				FD5D287329D0C5BF00553FBD /* Inter-Black.ttf */,
				FD5D287829D0C5C000553FBD /* Inter-Bold.ttf */,
				FD5D287429D0C5BF00553FBD /* Inter-ExtraBold.ttf */,
				FD5D287629D0C5BF00553FBD /* Inter-ExtraLight.ttf */,
				FD5D287929D0C5C000553FBD /* Inter-Light.ttf */,
				FD5D287529D0C5BF00553FBD /* Inter-Medium.ttf */,
				FD5D287129D0C5BF00553FBD /* Inter-Regular.ttf */,
				FD5D287729D0C5C000553FBD /* Inter-SemiBold.ttf */,
				FD5D287229D0C5BF00553FBD /* Inter-Thin.ttf */,
			);
			path = Fonts;
			sourceTree = "<group>";
		};
/* End PBXGroup section */

/* Begin PBXNativeTarget section */
		FD1C5BD629BDD71400C42CD6 /* SocialAppDemo */ = {
			isa = PBXNativeTarget;
			buildConfigurationList = FD1C5C0429BDD71500C42CD6 /* Build configuration list for PBXNativeTarget "SocialAppDemo" */;
			buildPhases = (
				FD1C5BD329BDD71400C42CD6 /* Sources */,
				FD1C5BD429BDD71400C42CD6 /* Frameworks */,
				FD1C5BD529BDD71400C42CD6 /* Resources */,
			);
			buildRules = (
			);
			dependencies = (
			);
			name = SocialAppDemo;
			packageProductDependencies = (
				FD5D283729C7793000553FBD /* SnapKit */,
				FD5D288729D8B8BB00553FBD /* FirebaseAuth */,
				FD5836BE29F27571009A992B /* FirebaseStorage */,
				FD5836C029F27677009A992B /* FirebaseFirestore */,
				FD5836D429F87466009A992B /* PhoneNumberKit */,
			);
			productName = SocialAppDemo;
			productReference = FD1C5BD729BDD71400C42CD6 /* SocialAppDemo.app */;
			productType = "com.apple.product-type.application";
		};
		FD1C5BEF29BDD71500C42CD6 /* SocialAppDemoTests */ = {
			isa = PBXNativeTarget;
			buildConfigurationList = FD1C5C0729BDD71500C42CD6 /* Build configuration list for PBXNativeTarget "SocialAppDemoTests" */;
			buildPhases = (
				FD1C5BEC29BDD71500C42CD6 /* Sources */,
				FD1C5BED29BDD71500C42CD6 /* Frameworks */,
				FD1C5BEE29BDD71500C42CD6 /* Resources */,
			);
			buildRules = (
			);
			dependencies = (
				FD1C5BF229BDD71500C42CD6 /* PBXTargetDependency */,
			);
			name = SocialAppDemoTests;
			productName = SocialAppDemoTests;
			productReference = FD1C5BF029BDD71500C42CD6 /* SocialAppDemoTests.xctest */;
			productType = "com.apple.product-type.bundle.unit-test";
		};
		FD1C5BF929BDD71500C42CD6 /* SocialAppDemoUITests */ = {
			isa = PBXNativeTarget;
			buildConfigurationList = FD1C5C0A29BDD71500C42CD6 /* Build configuration list for PBXNativeTarget "SocialAppDemoUITests" */;
			buildPhases = (
				FD1C5BF629BDD71500C42CD6 /* Sources */,
				FD1C5BF729BDD71500C42CD6 /* Frameworks */,
				FD1C5BF829BDD71500C42CD6 /* Resources */,
			);
			buildRules = (
			);
			dependencies = (
				FD1C5BFC29BDD71500C42CD6 /* PBXTargetDependency */,
			);
			name = SocialAppDemoUITests;
			productName = SocialAppDemoUITests;
			productReference = FD1C5BFA29BDD71500C42CD6 /* SocialAppDemoUITests.xctest */;
			productType = "com.apple.product-type.bundle.ui-testing";
		};
/* End PBXNativeTarget section */

/* Begin PBXProject section */
		FD1C5BCF29BDD71400C42CD6 /* Project object */ = {
			isa = PBXProject;
			attributes = {
				BuildIndependentTargetsInParallel = 1;
				LastSwiftUpdateCheck = 1420;
				LastUpgradeCheck = 1420;
				TargetAttributes = {
					FD1C5BD629BDD71400C42CD6 = {
						CreatedOnToolsVersion = 14.2;
					};
					FD1C5BEF29BDD71500C42CD6 = {
						CreatedOnToolsVersion = 14.2;
						TestTargetID = FD1C5BD629BDD71400C42CD6;
					};
					FD1C5BF929BDD71500C42CD6 = {
						CreatedOnToolsVersion = 14.2;
						TestTargetID = FD1C5BD629BDD71400C42CD6;
					};
				};
			};
			buildConfigurationList = FD1C5BD229BDD71400C42CD6 /* Build configuration list for PBXProject "SocialAppDemo" */;
			compatibilityVersion = "Xcode 14.0";
			developmentRegion = en;
			hasScannedForEncodings = 0;
			knownRegions = (
				en,
				Base,
				ru,
			);
			mainGroup = FD1C5BCE29BDD71400C42CD6;
			packageReferences = (
				FD5D283629C7793000553FBD /* XCRemoteSwiftPackageReference "SnapKit" */,
				FD5D288629D8B8BB00553FBD /* XCRemoteSwiftPackageReference "firebase-ios-sdk" */,
				FD5836D329F87466009A992B /* XCRemoteSwiftPackageReference "PhoneNumberKit" */,
			);
			productRefGroup = FD1C5BD829BDD71400C42CD6 /* Products */;
			projectDirPath = "";
			projectRoot = "";
			targets = (
				FD1C5BD629BDD71400C42CD6 /* SocialAppDemo */,
				FD1C5BEF29BDD71500C42CD6 /* SocialAppDemoTests */,
				FD1C5BF929BDD71500C42CD6 /* SocialAppDemoUITests */,
			);
		};
/* End PBXProject section */

/* Begin PBXResourcesBuildPhase section */
		FD1C5BD529BDD71400C42CD6 /* Resources */ = {
			isa = PBXResourcesBuildPhase;
			buildActionMask = 2147483647;
			files = (
				FD1C5BEA29BDD71500C42CD6 /* LaunchScreen.storyboard in Resources */,
				FD5D287F29D0C5C000553FBD /* Inter-ExtraLight.ttf in Resources */,
				FD5D287A29D0C5C000553FBD /* Inter-Regular.ttf in Resources */,
				FD5D288029D0C5C000553FBD /* Inter-SemiBold.ttf in Resources */,
				FD5D287B29D0C5C000553FBD /* Inter-Thin.ttf in Resources */,
				FD5D288229D0C5C000553FBD /* Inter-Light.ttf in Resources */,
				FD5D287D29D0C5C000553FBD /* Inter-ExtraBold.ttf in Resources */,
				FD5D288129D0C5C000553FBD /* Inter-Bold.ttf in Resources */,
				FD5D283229C7112E00553FBD /* Localizable.strings in Resources */,
				FD1C5BE729BDD71500C42CD6 /* Assets.xcassets in Resources */,
				FD5D287C29D0C5C000553FBD /* Inter-Black.ttf in Resources */,
				FD5D287E29D0C5C000553FBD /* Inter-Medium.ttf in Resources */,
				FD5D288A29D8B9A600553FBD /* GoogleService-Info.plist in Resources */,
				FD5836C429F47297009A992B /* Localizable.stringsdict in Resources */,
			);
			runOnlyForDeploymentPostprocessing = 0;
		};
		FD1C5BEE29BDD71500C42CD6 /* Resources */ = {
			isa = PBXResourcesBuildPhase;
			buildActionMask = 2147483647;
			files = (
			);
			runOnlyForDeploymentPostprocessing = 0;
		};
		FD1C5BF829BDD71500C42CD6 /* Resources */ = {
			isa = PBXResourcesBuildPhase;
			buildActionMask = 2147483647;
			files = (
			);
			runOnlyForDeploymentPostprocessing = 0;
		};
/* End PBXResourcesBuildPhase section */

/* Begin PBXSourcesBuildPhase section */
		FD1C5BD329BDD71400C42CD6 /* Sources */ = {
			isa = PBXSourcesBuildPhase;
			buildActionMask = 2147483647;
			files = (
				FD5836D729FA6D3D009A992B /* FirestoreManager.swift in Sources */,
				FD5D282B29C6449200553FBD /* CustomUIButton.swift in Sources */,
				FD5836F02A1A22BE009A992B /* PhotosScreenViewController.swift in Sources */,
				FD5836BC29E5ECC6009A992B /* DateSectionHeaderView.swift in Sources */,
				FD5D288C29D8BA9400553FBD /* AuthManager.swift in Sources */,
				FD5836DE29FE6121009A992B /* ScreenControllerFactory.swift in Sources */,
				FD5D284629C786EC00553FBD /* Fonts.swift in Sources */,
				FD5D283A29C77E0000553FBD /* String+Extention.swift in Sources */,
				FD5D285C29CEE70D00553FBD /* ConfirmSignInScreenView.swift in Sources */,
				FD1C5BDF29BDD71400C42CD6 /* ViewController.swift in Sources */,
				FD5D289B29DCC05F00553FBD /* PostTableViewCell.swift in Sources */,
				FD5836E92A0D819C009A992B /* CoreDataHelper.swift in Sources */,
				FD5836BA29E478AE009A992B /* PostsTableView.swift in Sources */,
				FD5D285A29CEE6FA00553FBD /* ConfirmSignInScreenViewController.swift in Sources */,
				FD5D282729C63FC400553FBD /* WelcomeScreenView.swift in Sources */,
				FD5836D229F5BFCB009A992B /* FirebaseStorageManager.swift in Sources */,
				FD5836F82A1BD57C009A992B /* PhotosCollectionViewCell.swift in Sources */,
				FD5836DC29FBAF33009A992B /* DataModels.swift in Sources */,
				FD5836F42A1A22EC009A992B /* PhotosScreenModel.swift in Sources */,
				FD5D289329D9FC9200553FBD /* MainScreenViewController.swift in Sources */,
				FD5D282129C180AC00553FBD /* ProfileHeaderView.swift in Sources */,
				FD5D283E29C7819500553FBD /* UIColor+Extention.swift in Sources */,
				FD5D288D29D9620C00553FBD /* PostScreenView.swift in Sources */,
				FD5D285329CED52200553FBD /* SignInScreenALConstants.swift in Sources */,
				FD5836ED2A156C7A009A992B /* CustomSaveButton.swift in Sources */,
				FD1C5BDB29BDD71400C42CD6 /* AppDelegate.swift in Sources */,
				FD5836E72A077F2B009A992B /* PostsTableViewALConstants.swift in Sources */,
				FD5836D929FAFD2F009A992B /* MainScreenModel.swift in Sources */,
				FD5836E32A016EF0009A992B /* DateHelper.swift in Sources */,
				FD5836E52A02D8C5009A992B /* PostScreenModel.swift in Sources */,
				FD5D289729D9FCB800553FBD /* MainScreenALConstants.swift in Sources */,
				FD5D284029C783D800553FBD /* WelcomeScreenViewController.swift in Sources */,
				FD1C5BDD29BDD71400C42CD6 /* SceneDelegate.swift in Sources */,
				FD5836AE29E20B92009A992B /* ProfileScreenViewController.swift in Sources */,
				FD5D282329C1831300553FBD /* ProfileScreenView.swift in Sources */,
				FD5D289529D9FCA300553FBD /* MainScreenView.swift in Sources */,
				FD5D285529CED53B00553FBD /* SignInScreenViewController.swift in Sources */,
				FD5836B529E2E9C0009A992B /* SavedScreenALConstants.swift in Sources */,
				FD5D281929BDD84800553FBD /* CoreDataManager.swift in Sources */,
				FD1C5BE529BDD71400C42CD6 /* SocialAppDemo.xcdatamodeld in Sources */,
				FD5836CD29F5A208009A992B /* MiniPhotosCollectionViewCell.swift in Sources */,
				FD5837002A2C6B1B009A992B /* StoryScreenViewController.swift in Sources */,
				FD5D283C29C7812D00553FBD /* Pallete.swift in Sources */,
				FD5836F62A1A22F9009A992B /* PhotosScreenALConstants.swift in Sources */,
				FD5836CF29F5BF0C009A992B /* ProfileScreenModel.swift in Sources */,
				FD5D282929C6420500553FBD /* UIView+Extention.swift in Sources */,
				FD5D289929DB531000553FBD /* UserCollectionViewCell.swift in Sources */,
				FD5836FA2A2A777E009A992B /* NSAttributedString+Extention.swift in Sources */,
				FD5836B329E2E9A7009A992B /* SavedScreenView.swift in Sources */,
				FD5D289129D976C200553FBD /* PostScreenViewController.swift in Sources */,
				FD5836F22A1A22D6009A992B /* PhotosScreenView.swift in Sources */,
				FD5D284929C8F54F00553FBD /* WelcomeScreenALConstants.swift in Sources */,
				FD5D288F29D9638500553FBD /* PostScreenALConstants.swift in Sources */,
				FD5D285E29CEE72500553FBD /* ConfirmSignInScreenALConstants.swift in Sources */,
				FD5836B129E2E995009A992B /* SavedScreenViewController.swift in Sources */,
				FD5D284B29CA158900553FBD /* MainTabBarController.swift in Sources */,
				FD5D285729CED56600553FBD /* SignInScreenView.swift in Sources */,
			);
			runOnlyForDeploymentPostprocessing = 0;
		};
		FD1C5BEC29BDD71500C42CD6 /* Sources */ = {
			isa = PBXSourcesBuildPhase;
			buildActionMask = 2147483647;
			files = (
				FD1C5BF529BDD71500C42CD6 /* SocialAppDemoTests.swift in Sources */,
			);
			runOnlyForDeploymentPostprocessing = 0;
		};
		FD1C5BF629BDD71500C42CD6 /* Sources */ = {
			isa = PBXSourcesBuildPhase;
			buildActionMask = 2147483647;
			files = (
				FD1C5C0129BDD71500C42CD6 /* SocialAppDemoUITestsLaunchTests.swift in Sources */,
				FD1C5BFF29BDD71500C42CD6 /* SocialAppDemoUITests.swift in Sources */,
			);
			runOnlyForDeploymentPostprocessing = 0;
		};
/* End PBXSourcesBuildPhase section */

/* Begin PBXTargetDependency section */
		FD1C5BF229BDD71500C42CD6 /* PBXTargetDependency */ = {
			isa = PBXTargetDependency;
			target = FD1C5BD629BDD71400C42CD6 /* SocialAppDemo */;
			targetProxy = FD1C5BF129BDD71500C42CD6 /* PBXContainerItemProxy */;
		};
		FD1C5BFC29BDD71500C42CD6 /* PBXTargetDependency */ = {
			isa = PBXTargetDependency;
			target = FD1C5BD629BDD71400C42CD6 /* SocialAppDemo */;
			targetProxy = FD1C5BFB29BDD71500C42CD6 /* PBXContainerItemProxy */;
		};
/* End PBXTargetDependency section */

/* Begin PBXVariantGroup section */
		FD1C5BE829BDD71500C42CD6 /* LaunchScreen.storyboard */ = {
			isa = PBXVariantGroup;
			children = (
				FD1C5BE929BDD71500C42CD6 /* Base */,
			);
			name = LaunchScreen.storyboard;
			sourceTree = "<group>";
		};
		FD5836C629F47297009A992B /* Localizable.stringsdict */ = {
			isa = PBXVariantGroup;
			children = (
				FD5836C529F47297009A992B /* en */,
				FD5836C729F4729F009A992B /* ru */,
			);
			name = Localizable.stringsdict;
			sourceTree = "<group>";
		};
		FD5D283429C7112E00553FBD /* Localizable.strings */ = {
			isa = PBXVariantGroup;
			children = (
				FD5D283329C7112E00553FBD /* en */,
				FD5D283529C7114200553FBD /* ru */,
			);
			name = Localizable.strings;
			sourceTree = "<group>";
		};
/* End PBXVariantGroup section */

/* Begin XCBuildConfiguration section */
		FD1C5C0229BDD71500C42CD6 /* Debug */ = {
			isa = XCBuildConfiguration;
			buildSettings = {
				ALWAYS_SEARCH_USER_PATHS = NO;
				CLANG_ANALYZER_LOCALIZABILITY_NONLOCALIZED = YES;
				CLANG_ANALYZER_NONNULL = YES;
				CLANG_ANALYZER_NUMBER_OBJECT_CONVERSION = YES_AGGRESSIVE;
				CLANG_CXX_LANGUAGE_STANDARD = "gnu++20";
				CLANG_ENABLE_MODULES = YES;
				CLANG_ENABLE_OBJC_ARC = YES;
				CLANG_ENABLE_OBJC_WEAK = YES;
				CLANG_WARN_BLOCK_CAPTURE_AUTORELEASING = YES;
				CLANG_WARN_BOOL_CONVERSION = YES;
				CLANG_WARN_COMMA = YES;
				CLANG_WARN_CONSTANT_CONVERSION = YES;
				CLANG_WARN_DEPRECATED_OBJC_IMPLEMENTATIONS = YES;
				CLANG_WARN_DIRECT_OBJC_ISA_USAGE = YES_ERROR;
				CLANG_WARN_DOCUMENTATION_COMMENTS = YES;
				CLANG_WARN_EMPTY_BODY = YES;
				CLANG_WARN_ENUM_CONVERSION = YES;
				CLANG_WARN_INFINITE_RECURSION = YES;
				CLANG_WARN_INT_CONVERSION = YES;
				CLANG_WARN_NON_LITERAL_NULL_CONVERSION = YES;
				CLANG_WARN_OBJC_IMPLICIT_RETAIN_SELF = YES;
				CLANG_WARN_OBJC_LITERAL_CONVERSION = YES;
				CLANG_WARN_OBJC_ROOT_CLASS = YES_ERROR;
				CLANG_WARN_QUOTED_INCLUDE_IN_FRAMEWORK_HEADER = YES;
				CLANG_WARN_RANGE_LOOP_ANALYSIS = YES;
				CLANG_WARN_STRICT_PROTOTYPES = YES;
				CLANG_WARN_SUSPICIOUS_MOVE = YES;
				CLANG_WARN_UNGUARDED_AVAILABILITY = YES_AGGRESSIVE;
				CLANG_WARN_UNREACHABLE_CODE = YES;
				CLANG_WARN__DUPLICATE_METHOD_MATCH = YES;
				COPY_PHASE_STRIP = NO;
				DEBUG_INFORMATION_FORMAT = dwarf;
				ENABLE_STRICT_OBJC_MSGSEND = YES;
				ENABLE_TESTABILITY = YES;
				GCC_C_LANGUAGE_STANDARD = gnu11;
				GCC_DYNAMIC_NO_PIC = NO;
				GCC_NO_COMMON_BLOCKS = YES;
				GCC_OPTIMIZATION_LEVEL = 0;
				GCC_PREPROCESSOR_DEFINITIONS = (
					"DEBUG=1",
					"$(inherited)",
				);
				GCC_WARN_64_TO_32_BIT_CONVERSION = YES;
				GCC_WARN_ABOUT_RETURN_TYPE = YES_ERROR;
				GCC_WARN_UNDECLARED_SELECTOR = YES;
				GCC_WARN_UNINITIALIZED_AUTOS = YES_AGGRESSIVE;
				GCC_WARN_UNUSED_FUNCTION = YES;
				GCC_WARN_UNUSED_VARIABLE = YES;
				IPHONEOS_DEPLOYMENT_TARGET = 16.2;
				MTL_ENABLE_DEBUG_INFO = INCLUDE_SOURCE;
				MTL_FAST_MATH = YES;
				ONLY_ACTIVE_ARCH = YES;
				SDKROOT = iphoneos;
				SWIFT_ACTIVE_COMPILATION_CONDITIONS = DEBUG;
				SWIFT_OPTIMIZATION_LEVEL = "-Onone";
			};
			name = Debug;
		};
		FD1C5C0329BDD71500C42CD6 /* Release */ = {
			isa = XCBuildConfiguration;
			buildSettings = {
				ALWAYS_SEARCH_USER_PATHS = NO;
				CLANG_ANALYZER_LOCALIZABILITY_NONLOCALIZED = YES;
				CLANG_ANALYZER_NONNULL = YES;
				CLANG_ANALYZER_NUMBER_OBJECT_CONVERSION = YES_AGGRESSIVE;
				CLANG_CXX_LANGUAGE_STANDARD = "gnu++20";
				CLANG_ENABLE_MODULES = YES;
				CLANG_ENABLE_OBJC_ARC = YES;
				CLANG_ENABLE_OBJC_WEAK = YES;
				CLANG_WARN_BLOCK_CAPTURE_AUTORELEASING = YES;
				CLANG_WARN_BOOL_CONVERSION = YES;
				CLANG_WARN_COMMA = YES;
				CLANG_WARN_CONSTANT_CONVERSION = YES;
				CLANG_WARN_DEPRECATED_OBJC_IMPLEMENTATIONS = YES;
				CLANG_WARN_DIRECT_OBJC_ISA_USAGE = YES_ERROR;
				CLANG_WARN_DOCUMENTATION_COMMENTS = YES;
				CLANG_WARN_EMPTY_BODY = YES;
				CLANG_WARN_ENUM_CONVERSION = YES;
				CLANG_WARN_INFINITE_RECURSION = YES;
				CLANG_WARN_INT_CONVERSION = YES;
				CLANG_WARN_NON_LITERAL_NULL_CONVERSION = YES;
				CLANG_WARN_OBJC_IMPLICIT_RETAIN_SELF = YES;
				CLANG_WARN_OBJC_LITERAL_CONVERSION = YES;
				CLANG_WARN_OBJC_ROOT_CLASS = YES_ERROR;
				CLANG_WARN_QUOTED_INCLUDE_IN_FRAMEWORK_HEADER = YES;
				CLANG_WARN_RANGE_LOOP_ANALYSIS = YES;
				CLANG_WARN_STRICT_PROTOTYPES = YES;
				CLANG_WARN_SUSPICIOUS_MOVE = YES;
				CLANG_WARN_UNGUARDED_AVAILABILITY = YES_AGGRESSIVE;
				CLANG_WARN_UNREACHABLE_CODE = YES;
				CLANG_WARN__DUPLICATE_METHOD_MATCH = YES;
				COPY_PHASE_STRIP = NO;
				DEBUG_INFORMATION_FORMAT = "dwarf-with-dsym";
				ENABLE_NS_ASSERTIONS = NO;
				ENABLE_STRICT_OBJC_MSGSEND = YES;
				GCC_C_LANGUAGE_STANDARD = gnu11;
				GCC_NO_COMMON_BLOCKS = YES;
				GCC_WARN_64_TO_32_BIT_CONVERSION = YES;
				GCC_WARN_ABOUT_RETURN_TYPE = YES_ERROR;
				GCC_WARN_UNDECLARED_SELECTOR = YES;
				GCC_WARN_UNINITIALIZED_AUTOS = YES_AGGRESSIVE;
				GCC_WARN_UNUSED_FUNCTION = YES;
				GCC_WARN_UNUSED_VARIABLE = YES;
				IPHONEOS_DEPLOYMENT_TARGET = 16.2;
				MTL_ENABLE_DEBUG_INFO = NO;
				MTL_FAST_MATH = YES;
				SDKROOT = iphoneos;
				SWIFT_COMPILATION_MODE = wholemodule;
				SWIFT_OPTIMIZATION_LEVEL = "-O";
				VALIDATE_PRODUCT = YES;
			};
			name = Release;
		};
		FD1C5C0529BDD71500C42CD6 /* Debug */ = {
			isa = XCBuildConfiguration;
			buildSettings = {
				ASSETCATALOG_COMPILER_APPICON_NAME = AppIcon;
				ASSETCATALOG_COMPILER_GLOBAL_ACCENT_COLOR_NAME = AccentColor;
				CODE_SIGN_STYLE = Automatic;
				CURRENT_PROJECT_VERSION = 1;
				GENERATE_INFOPLIST_FILE = YES;
				INFOPLIST_FILE = SocialAppDemo/Info.plist;
				INFOPLIST_KEY_UIApplicationSupportsIndirectInputEvents = YES;
				INFOPLIST_KEY_UILaunchStoryboardName = LaunchScreen;
				INFOPLIST_KEY_UISupportedInterfaceOrientations = UIInterfaceOrientationPortrait;
				INFOPLIST_KEY_UISupportedInterfaceOrientations_iPad = "UIInterfaceOrientationPortrait UIInterfaceOrientationPortraitUpsideDown";
				LD_RUNPATH_SEARCH_PATHS = (
					"$(inherited)",
					"@executable_path/Frameworks",
				);
				MARKETING_VERSION = 1.0;
				PRODUCT_BUNDLE_IDENTIFIER = niyaz.SocialAppDemo;
				PRODUCT_NAME = "$(TARGET_NAME)";
				SUPPORTED_PLATFORMS = "iphoneos iphonesimulator";
				SUPPORTS_MACCATALYST = NO;
				SUPPORTS_MAC_DESIGNED_FOR_IPHONE_IPAD = NO;
				SWIFT_EMIT_LOC_STRINGS = YES;
				SWIFT_VERSION = 5.0;
				TARGETED_DEVICE_FAMILY = "1,2";
			};
			name = Debug;
		};
		FD1C5C0629BDD71500C42CD6 /* Release */ = {
			isa = XCBuildConfiguration;
			buildSettings = {
				ASSETCATALOG_COMPILER_APPICON_NAME = AppIcon;
				ASSETCATALOG_COMPILER_GLOBAL_ACCENT_COLOR_NAME = AccentColor;
				CODE_SIGN_STYLE = Automatic;
				CURRENT_PROJECT_VERSION = 1;
				GENERATE_INFOPLIST_FILE = YES;
				INFOPLIST_FILE = SocialAppDemo/Info.plist;
				INFOPLIST_KEY_UIApplicationSupportsIndirectInputEvents = YES;
				INFOPLIST_KEY_UILaunchStoryboardName = LaunchScreen;
				INFOPLIST_KEY_UISupportedInterfaceOrientations = UIInterfaceOrientationPortrait;
				INFOPLIST_KEY_UISupportedInterfaceOrientations_iPad = "UIInterfaceOrientationPortrait UIInterfaceOrientationPortraitUpsideDown";
				LD_RUNPATH_SEARCH_PATHS = (
					"$(inherited)",
					"@executable_path/Frameworks",
				);
				MARKETING_VERSION = 1.0;
				PRODUCT_BUNDLE_IDENTIFIER = niyaz.SocialAppDemo;
				PRODUCT_NAME = "$(TARGET_NAME)";
				SUPPORTED_PLATFORMS = "iphoneos iphonesimulator";
				SUPPORTS_MACCATALYST = NO;
				SUPPORTS_MAC_DESIGNED_FOR_IPHONE_IPAD = NO;
				SWIFT_EMIT_LOC_STRINGS = YES;
				SWIFT_VERSION = 5.0;
				TARGETED_DEVICE_FAMILY = "1,2";
			};
			name = Release;
		};
		FD1C5C0829BDD71500C42CD6 /* Debug */ = {
			isa = XCBuildConfiguration;
			buildSettings = {
				ALWAYS_EMBED_SWIFT_STANDARD_LIBRARIES = YES;
				BUNDLE_LOADER = "$(TEST_HOST)";
				CODE_SIGN_STYLE = Automatic;
				CURRENT_PROJECT_VERSION = 1;
				GENERATE_INFOPLIST_FILE = YES;
				IPHONEOS_DEPLOYMENT_TARGET = 16.2;
				MARKETING_VERSION = 1.0;
				PRODUCT_BUNDLE_IDENTIFIER = niyaz.SocialAppDemoTests;
				PRODUCT_NAME = "$(TARGET_NAME)";
				SWIFT_EMIT_LOC_STRINGS = NO;
				SWIFT_VERSION = 5.0;
				TARGETED_DEVICE_FAMILY = "1,2";
				TEST_HOST = "$(BUILT_PRODUCTS_DIR)/SocialAppDemo.app/$(BUNDLE_EXECUTABLE_FOLDER_PATH)/SocialAppDemo";
			};
			name = Debug;
		};
		FD1C5C0929BDD71500C42CD6 /* Release */ = {
			isa = XCBuildConfiguration;
			buildSettings = {
				ALWAYS_EMBED_SWIFT_STANDARD_LIBRARIES = YES;
				BUNDLE_LOADER = "$(TEST_HOST)";
				CODE_SIGN_STYLE = Automatic;
				CURRENT_PROJECT_VERSION = 1;
				GENERATE_INFOPLIST_FILE = YES;
				IPHONEOS_DEPLOYMENT_TARGET = 16.2;
				MARKETING_VERSION = 1.0;
				PRODUCT_BUNDLE_IDENTIFIER = niyaz.SocialAppDemoTests;
				PRODUCT_NAME = "$(TARGET_NAME)";
				SWIFT_EMIT_LOC_STRINGS = NO;
				SWIFT_VERSION = 5.0;
				TARGETED_DEVICE_FAMILY = "1,2";
				TEST_HOST = "$(BUILT_PRODUCTS_DIR)/SocialAppDemo.app/$(BUNDLE_EXECUTABLE_FOLDER_PATH)/SocialAppDemo";
			};
			name = Release;
		};
		FD1C5C0B29BDD71500C42CD6 /* Debug */ = {
			isa = XCBuildConfiguration;
			buildSettings = {
				ALWAYS_EMBED_SWIFT_STANDARD_LIBRARIES = YES;
				CODE_SIGN_STYLE = Automatic;
				CURRENT_PROJECT_VERSION = 1;
				GENERATE_INFOPLIST_FILE = YES;
				MARKETING_VERSION = 1.0;
				PRODUCT_BUNDLE_IDENTIFIER = niyaz.SocialAppDemoUITests;
				PRODUCT_NAME = "$(TARGET_NAME)";
				SWIFT_EMIT_LOC_STRINGS = NO;
				SWIFT_VERSION = 5.0;
				TARGETED_DEVICE_FAMILY = "1,2";
				TEST_TARGET_NAME = SocialAppDemo;
			};
			name = Debug;
		};
		FD1C5C0C29BDD71500C42CD6 /* Release */ = {
			isa = XCBuildConfiguration;
			buildSettings = {
				ALWAYS_EMBED_SWIFT_STANDARD_LIBRARIES = YES;
				CODE_SIGN_STYLE = Automatic;
				CURRENT_PROJECT_VERSION = 1;
				GENERATE_INFOPLIST_FILE = YES;
				MARKETING_VERSION = 1.0;
				PRODUCT_BUNDLE_IDENTIFIER = niyaz.SocialAppDemoUITests;
				PRODUCT_NAME = "$(TARGET_NAME)";
				SWIFT_EMIT_LOC_STRINGS = NO;
				SWIFT_VERSION = 5.0;
				TARGETED_DEVICE_FAMILY = "1,2";
				TEST_TARGET_NAME = SocialAppDemo;
			};
			name = Release;
		};
/* End XCBuildConfiguration section */

/* Begin XCConfigurationList section */
		FD1C5BD229BDD71400C42CD6 /* Build configuration list for PBXProject "SocialAppDemo" */ = {
			isa = XCConfigurationList;
			buildConfigurations = (
				FD1C5C0229BDD71500C42CD6 /* Debug */,
				FD1C5C0329BDD71500C42CD6 /* Release */,
			);
			defaultConfigurationIsVisible = 0;
			defaultConfigurationName = Release;
		};
		FD1C5C0429BDD71500C42CD6 /* Build configuration list for PBXNativeTarget "SocialAppDemo" */ = {
			isa = XCConfigurationList;
			buildConfigurations = (
				FD1C5C0529BDD71500C42CD6 /* Debug */,
				FD1C5C0629BDD71500C42CD6 /* Release */,
			);
			defaultConfigurationIsVisible = 0;
			defaultConfigurationName = Release;
		};
		FD1C5C0729BDD71500C42CD6 /* Build configuration list for PBXNativeTarget "SocialAppDemoTests" */ = {
			isa = XCConfigurationList;
			buildConfigurations = (
				FD1C5C0829BDD71500C42CD6 /* Debug */,
				FD1C5C0929BDD71500C42CD6 /* Release */,
			);
			defaultConfigurationIsVisible = 0;
			defaultConfigurationName = Release;
		};
		FD1C5C0A29BDD71500C42CD6 /* Build configuration list for PBXNativeTarget "SocialAppDemoUITests" */ = {
			isa = XCConfigurationList;
			buildConfigurations = (
				FD1C5C0B29BDD71500C42CD6 /* Debug */,
				FD1C5C0C29BDD71500C42CD6 /* Release */,
			);
			defaultConfigurationIsVisible = 0;
			defaultConfigurationName = Release;
		};
/* End XCConfigurationList section */

/* Begin XCRemoteSwiftPackageReference section */
		FD5836D329F87466009A992B /* XCRemoteSwiftPackageReference "PhoneNumberKit" */ = {
			isa = XCRemoteSwiftPackageReference;
			repositoryURL = "https://github.com/marmelroy/PhoneNumberKit";
			requirement = {
				kind = upToNextMinorVersion;
				minimumVersion = 3.5.0;
			};
		};
		FD5D283629C7793000553FBD /* XCRemoteSwiftPackageReference "SnapKit" */ = {
			isa = XCRemoteSwiftPackageReference;
			repositoryURL = "https://github.com/SnapKit/SnapKit";
			requirement = {
				kind = upToNextMinorVersion;
				minimumVersion = 5.6.0;
			};
		};
		FD5D288629D8B8BB00553FBD /* XCRemoteSwiftPackageReference "firebase-ios-sdk" */ = {
			isa = XCRemoteSwiftPackageReference;
			repositoryURL = "https://github.com/firebase/firebase-ios-sdk";
			requirement = {
				kind = upToNextMinorVersion;
				minimumVersion = 10.10.0;
			};
		};
/* End XCRemoteSwiftPackageReference section */

/* Begin XCSwiftPackageProductDependency section */
		FD5836BE29F27571009A992B /* FirebaseStorage */ = {
			isa = XCSwiftPackageProductDependency;
			package = FD5D288629D8B8BB00553FBD /* XCRemoteSwiftPackageReference "firebase-ios-sdk" */;
			productName = FirebaseStorage;
		};
		FD5836C029F27677009A992B /* FirebaseFirestore */ = {
			isa = XCSwiftPackageProductDependency;
			package = FD5D288629D8B8BB00553FBD /* XCRemoteSwiftPackageReference "firebase-ios-sdk" */;
			productName = FirebaseFirestore;
		};
		FD5836D429F87466009A992B /* PhoneNumberKit */ = {
			isa = XCSwiftPackageProductDependency;
			package = FD5836D329F87466009A992B /* XCRemoteSwiftPackageReference "PhoneNumberKit" */;
			productName = PhoneNumberKit;
		};
		FD5D283729C7793000553FBD /* SnapKit */ = {
			isa = XCSwiftPackageProductDependency;
			package = FD5D283629C7793000553FBD /* XCRemoteSwiftPackageReference "SnapKit" */;
			productName = SnapKit;
		};
		FD5D288729D8B8BB00553FBD /* FirebaseAuth */ = {
			isa = XCSwiftPackageProductDependency;
			package = FD5D288629D8B8BB00553FBD /* XCRemoteSwiftPackageReference "firebase-ios-sdk" */;
			productName = FirebaseAuth;
		};
/* End XCSwiftPackageProductDependency section */

/* Begin XCVersionGroup section */
		FD1C5BE329BDD71400C42CD6 /* SocialAppDemo.xcdatamodeld */ = {
			isa = XCVersionGroup;
			children = (
				FD1C5BE429BDD71400C42CD6 /* SocialAppDemo.xcdatamodel */,
			);
			currentVersion = FD1C5BE429BDD71400C42CD6 /* SocialAppDemo.xcdatamodel */;
			path = SocialAppDemo.xcdatamodeld;
			sourceTree = "<group>";
			versionGroupType = wrapper.xcdatamodel;
		};
/* End XCVersionGroup section */
	};
	rootObject = FD1C5BCF29BDD71400C42CD6 /* Project object */;
}
